
Microsoft Visual Studio Solution File, Format Version 12.00
# Visual Studio 15
VisualStudioVersion = 15.0.28010.2046
MinimumVisualStudioVersion = 10.0.40219.1
Project("{FAE04EC0-301F-11D3-BF4B-00C04F79EFBC}") = "Digit", "Digit\Digit.csproj", "{C8FB46C8-61FE-44B1-9BB6-2EBA41612D0D}"
EndProject
Project("{FAE04EC0-301F-11D3-BF4B-00C04F79EFBC}") = "DigitSimulation", "DigitSimulation\DigitSimulation.csproj", "{2DB0440D-895A-46AF-B037-91A00EC64930}"
EndProject
Project("{FAE04EC0-301F-11D3-BF4B-00C04F79EFBC}") = "DigitElements", "DigitElements\DigitElements.csproj", "{9A7E24F5-862C-4BF6-BA5C-F33E759FE112}"
EndProject
Global
	GlobalSection(SolutionConfigurationPlatforms) = preSolution
		Debug|Any CPU = Debug|Any CPU
		Release|Any CPU = Release|Any CPU
	EndGlobalSection
	GlobalSection(ProjectConfigurationPlatforms) = postSolution
		{C8FB46C8-61FE-44B1-9BB6-2EBA41612D0D}.Debug|Any CPU.ActiveCfg = Debug|Any CPU
		{C8FB46C8-61FE-44B1-9BB6-2EBA41612D0D}.Debug|Any CPU.Build.0 = Debug|Any CPU
		{C8FB46C8-61FE-44B1-9BB6-2EBA41612D0D}.Release|Any CPU.ActiveCfg = Release|Any CPU
		{C8FB46C8-61FE-44B1-9BB6-2EBA41612D0D}.Release|Any CPU.Build.0 = Release|Any CPU
		{2DB0440D-895A-46AF-B037-91A00EC64930}.Debug|Any CPU.ActiveCfg = Debug|Any CPU
		{2DB0440D-895A-46AF-B037-91A00EC64930}.Debug|Any CPU.Build.0 = Debug|Any CPU
		{2DB0440D-895A-46AF-B037-91A00EC64930}.Release|Any CPU.ActiveCfg = Release|Any CPU
		{2DB0440D-895A-46AF-B037-91A00EC64930}.Release|Any CPU.Build.0 = Release|Any CPU
		{9A7E24F5-862C-4BF6-BA5C-F33E759FE112}.Debug|Any CPU.ActiveCfg = Debug|Any CPU
		{9A7E24F5-862C-4BF6-BA5C-F33E759FE112}.Debug|Any CPU.Build.0 = Debug|Any CPU
		{9A7E24F5-862C-4BF6-BA5C-F33E759FE112}.Release|Any CPU.ActiveCfg = Release|Any CPU
		{9A7E24F5-862C-4BF6-BA5C-F33E759FE112}.Release|Any CPU.Build.0 = Release|Any CPU
	EndGlobalSection
	GlobalSection(SolutionProperties) = preSolution
		HideSolutionNode = FALSE
	EndGlobalSection
	GlobalSection(ExtensibilityGlobals) = postSolution
		SolutionGuid = {2EF7EF77-F37A-4F66-B8B3-17F01557BB75}
	EndGlobalSection
EndGlobal
